
Microsoft Visual Studio Solution File, Format Version 12.00
# Visual Studio 15
VisualStudioVersion = 15.0.27130.2010
MinimumVisualStudioVersion = 10.0.40219.1
Project("{FAE04EC0-301F-11D3-BF4B-00C04F79EFBC}") = "PixelHarmony.FluentConsole", "PixelHarmony.FluentConsole\PixelHarmony.FluentConsole.csproj", "{E56BEA25-E791-4741-BA15-D51E22D902FF}"
EndProject
Global
	GlobalSection(SolutionConfigurationPlatforms) = preSolution
		Debug|Any CPU = Debug|Any CPU
		Release|Any CPU = Release|Any CPU
	EndGlobalSection
	GlobalSection(ProjectConfigurationPlatforms) = postSolution
		{E56BEA25-E791-4741-BA15-D51E22D902FF}.Debug|Any CPU.ActiveCfg = Debug|Any CPU
		{E56BEA25-E791-4741-BA15-D51E22D902FF}.Debug|Any CPU.Build.0 = Debug|Any CPU
		{E56BEA25-E791-4741-BA15-D51E22D902FF}.Release|Any CPU.ActiveCfg = Release|Any CPU
		{E56BEA25-E791-4741-BA15-D51E22D902FF}.Release|Any CPU.Build.0 = Release|Any CPU
	EndGlobalSection
	GlobalSection(SolutionProperties) = preSolution
		HideSolutionNode = FALSE
	EndGlobalSection
	GlobalSection(ExtensibilityGlobals) = postSolution
		SolutionGuid = {1C1CA497-8792-4470-B587-002CF976D599}
	EndGlobalSection
EndGlobal
